
Microsoft Visual Studio Solution File, Format Version 12.00
Project("{FAE04EC0-301F-11D3-BF4B-00C04F79EFBC}") = "SpringHeroBank", "SpringHeroBank\SpringHeroBank.csproj", "{0171EAB8-3C7D-4C62-BAE9-0CDB8821C4CC}"
EndProject
Global
	GlobalSection(SolutionConfigurationPlatforms) = preSolution
		Debug|Any CPU = Debug|Any CPU
		Release|Any CPU = Release|Any CPU
	EndGlobalSection
	GlobalSection(ProjectConfigurationPlatforms) = postSolution
		{0171EAB8-3C7D-4C62-BAE9-0CDB8821C4CC}.Debug|Any CPU.ActiveCfg = Debug|Any CPU
		{0171EAB8-3C7D-4C62-BAE9-0CDB8821C4CC}.Debug|Any CPU.Build.0 = Debug|Any CPU
		{0171EAB8-3C7D-4C62-BAE9-0CDB8821C4CC}.Release|Any CPU.ActiveCfg = Release|Any CPU
		{0171EAB8-3C7D-4C62-BAE9-0CDB8821C4CC}.Release|Any CPU.Build.0 = Release|Any CPU
	EndGlobalSection
EndGlobal
